
Microsoft Visual Studio Solution File, Format Version 12.00
# Visual Studio Version 16
VisualStudioVersion = 16.0.30907.101
MinimumVisualStudioVersion = 10.0.40219.1
Project("{FAE04EC0-301F-11D3-BF4B-00C04F79EFBC}") = "2-2_MaintainStudentScores", "2-2_MaintainStudentScores.csproj", "{EAB4AAB1-9A63-4DB9-9496-3E57D8E917A9}"
EndProject
Global
	GlobalSection(SolutionConfigurationPlatforms) = preSolution
		Debug|Any CPU = Debug|Any CPU
		Release|Any CPU = Release|Any CPU
	EndGlobalSection
	GlobalSection(ProjectConfigurationPlatforms) = postSolution
		{EAB4AAB1-9A63-4DB9-9496-3E57D8E917A9}.Debug|Any CPU.ActiveCfg = Debug|Any CPU
		{EAB4AAB1-9A63-4DB9-9496-3E57D8E917A9}.Debug|Any CPU.Build.0 = Debug|Any CPU
		{EAB4AAB1-9A63-4DB9-9496-3E57D8E917A9}.Release|Any CPU.ActiveCfg = Release|Any CPU
		{EAB4AAB1-9A63-4DB9-9496-3E57D8E917A9}.Release|Any CPU.Build.0 = Release|Any CPU
	EndGlobalSection
	GlobalSection(SolutionProperties) = preSolution
		HideSolutionNode = FALSE
	EndGlobalSection
	GlobalSection(ExtensibilityGlobals) = postSolution
		SolutionGuid = {36650A14-1173-4F38-A186-248A1D906683}
	EndGlobalSection
EndGlobal
